{
  "version": 4,
  "terraform_version": "1.9.5",
  "serial": 7,
  "lineage": "564b08ae-adf2-835b-697a-ca0f0955631f",
  "outputs": {},
  "resources": [
    {
      "mode": "managed",
      "type": "azurerm_resource_group",
      "name": "andre_bot_group",
      "provider": "provider[\"registry.terraform.io/hashicorp/azurerm\"]",
      "instances": [
        {
          "schema_version": 0,
          "attributes": {
            "id": "/subscriptions/250ae9c3-6c33-4030-b72a-ed22fce22920/resourceGroups/andre_bot_group",
            "location": "eastus2",
            "managed_by": "",
            "name": "andre_bot_group",
            "tags": {},
            "timeouts": null
          },
          "sensitive_attributes": [],
          "private": "eyJlMmJmYjczMC1lY2FhLTExZTYtOGY4OC0zNDM2M2JjN2M0YzAiOnsiY3JlYXRlIjo1NDAwMDAwMDAwMDAwLCJkZWxldGUiOjU0MDAwMDAwMDAwMDAsInJlYWQiOjMwMDAwMDAwMDAwMCwidXBkYXRlIjo1NDAwMDAwMDAwMDAwfX0="
        }
      ]
    },
    {
      "mode": "managed",
      "type": "azurerm_service_plan",
      "name": "andre_bot_sp",
      "provider": "provider[\"registry.terraform.io/hashicorp/azurerm\"]",
      "instances": [
        {
          "schema_version": 1,
          "attributes": {
            "app_service_environment_id": "",
            "id": "/subscriptions/250ae9c3-6c33-4030-b72a-ed22fce22920/resourceGroups/andre_bot_group/providers/Microsoft.Web/serverFarms/andre_bot_sp",
            "kind": "app",
            "location": "eastus2",
            "maximum_elastic_worker_count": 1,
            "name": "andre_bot_sp",
            "os_type": "Windows",
            "per_site_scaling_enabled": false,
            "reserved": false,
            "resource_group_name": "andre_bot_group",
            "sku_name": "S1",
            "tags": {},
            "timeouts": null,
            "worker_count": 1,
            "zone_balancing_enabled": false
          },
          "sensitive_attributes": [],
          "private": "eyJlMmJmYjczMC1lY2FhLTExZTYtOGY4OC0zNDM2M2JjN2M0YzAiOnsiY3JlYXRlIjozNjAwMDAwMDAwMDAwLCJkZWxldGUiOjM2MDAwMDAwMDAwMDAsInJlYWQiOjMwMDAwMDAwMDAwMCwidXBkYXRlIjozNjAwMDAwMDAwMDAwfSwic2NoZW1hX3ZlcnNpb24iOiIxIn0=",
          "dependencies": [
            "azurerm_resource_group.andre_bot_group"
          ]
        }
      ]
    },
    {
      "mode": "managed",
      "type": "azurerm_windows_web_app",
      "name": "andre_bot_app",
      "provider": "provider[\"registry.terraform.io/hashicorp/azurerm\"]",
      "instances": [
        {
          "schema_version": 1,
          "attributes": {
            "app_settings": null,
            "auth_settings": [],
            "auth_settings_v2": [],
            "backup": [],
            "client_affinity_enabled": false,
            "client_certificate_enabled": false,
            "client_certificate_exclusion_paths": "",
            "client_certificate_mode": "Required",
            "connection_string": [],
            "custom_domain_verification_id": "A20FD1DD24553625936AB5B41DE2EF7587D48487C39A0BACDD28821A1F09571F",
            "default_hostname": "andreduarte-bot-app.azurewebsites.net",
            "enabled": true,
            "ftp_publish_basic_authentication_enabled": true,
            "hosting_environment_id": "",
            "https_only": false,
            "id": "/subscriptions/250ae9c3-6c33-4030-b72a-ed22fce22920/resourceGroups/andre_bot_group/providers/Microsoft.Web/sites/andreduarte-bot-app",
            "identity": [],
            "key_vault_reference_identity_id": "SystemAssigned",
            "kind": "app",
            "location": "eastus2",
            "logs": [],
            "name": "andreduarte-bot-app",
            "outbound_ip_address_list": [
              "52.167.191.52",
              "52.177.83.21",
              "52.177.86.28",
              "52.177.161.166",
              "52.177.161.232",
              "52.177.164.228",
              "20.49.97.6"
            ],
            "outbound_ip_addresses": "52.167.191.52,52.177.83.21,52.177.86.28,52.177.161.166,52.177.161.232,52.177.164.228,20.49.97.6",
            "possible_outbound_ip_address_list": [
              "52.167.191.52",
              "52.177.83.21",
              "52.177.86.28",
              "52.177.161.166",
              "52.177.161.232",
              "52.177.164.228",
              "52.177.165.249",
              "52.177.166.227",
              "52.179.224.122",
              "52.179.225.14",
              "52.179.225.43",
              "52.179.226.5",
              "52.179.228.230",
              "52.179.229.207",
              "52.179.230.133",
              "52.179.231.101",
              "52.179.231.244",
              "52.184.232.34",
              "52.184.232.150",
              "52.184.233.37",
              "52.184.233.50",
              "52.184.234.61",
              "40.65.241.115",
              "52.138.104.0",
              "52.138.108.78",
              "52.184.234.81",
              "52.184.234.95",
              "40.65.211.82",
              "40.70.168.245",
              "40.70.170.61",
              "20.49.97.6"
            ],
            "possible_outbound_ip_addresses": "52.167.191.52,52.177.83.21,52.177.86.28,52.177.161.166,52.177.161.232,52.177.164.228,52.177.165.249,52.177.166.227,52.179.224.122,52.179.225.14,52.179.225.43,52.179.226.5,52.179.228.230,52.179.229.207,52.179.230.133,52.179.231.101,52.179.231.244,52.184.232.34,52.184.232.150,52.184.233.37,52.184.233.50,52.184.234.61,40.65.241.115,52.138.104.0,52.138.108.78,52.184.234.81,52.184.234.95,40.65.211.82,40.70.168.245,40.70.170.61,20.49.97.6",
            "public_network_access_enabled": true,
            "resource_group_name": "andre_bot_group",
            "service_plan_id": "/subscriptions/250ae9c3-6c33-4030-b72a-ed22fce22920/resourceGroups/andre_bot_group/providers/Microsoft.Web/serverFarms/andre_bot_sp",
            "site_config": [
              {
                "always_on": false,
                "api_definition_url": "",
                "api_management_api_id": "",
                "app_command_line": "",
                "application_stack": [
                  {
                    "current_stack": "",
                    "docker_image_name": "",
                    "docker_registry_password": "",
                    "docker_registry_url": "",
                    "docker_registry_username": "",
                    "dotnet_core_version": "",
                    "dotnet_version": "v4.0",
                    "java_container": "",
                    "java_container_version": "",
                    "java_embedded_server_enabled": false,
                    "java_version": "",
                    "node_version": "",
                    "php_version": "5.6",
                    "python": false,
                    "tomcat_version": ""
                  }
                ],
                "auto_heal_setting": [],
                "container_registry_managed_identity_client_id": "",
                "container_registry_use_managed_identity": false,
                "cors": [],
                "default_documents": [
                  "Default.htm",
                  "Default.html",
                  "Default.asp",
                  "index.htm",
                  "index.html",
                  "iisstart.htm",
                  "default.aspx",
                  "index.php",
                  "hostingstart.html"
                ],
                "detailed_error_logging_enabled": false,
                "ftps_state": "Disabled",
                "handler_mapping": [],
                "health_check_eviction_time_in_min": 0,
                "health_check_path": "",
                "http2_enabled": false,
                "ip_restriction": [],
                "ip_restriction_default_action": "Allow",
                "linux_fx_version": "",
                "load_balancing_mode": "LeastRequests",
                "local_mysql_enabled": false,
                "managed_pipeline_mode": "Integrated",
                "minimum_tls_version": "1.2",
                "remote_debugging_enabled": false,
                "remote_debugging_version": "VS2022",
                "scm_ip_restriction": [],
                "scm_ip_restriction_default_action": "Allow",
                "scm_minimum_tls_version": "1.2",
                "scm_type": "None",
                "scm_use_main_ip_restriction": false,
                "use_32_bit_worker": true,
                "virtual_application": [],
                "vnet_route_all_enabled": false,
                "websockets_enabled": false,
                "windows_fx_version": "",
                "worker_count": 1
              }
            ],
            "site_credential": [
              {
                "name": "$andreduarte-bot-app",
                "password": "p3WohMBj16AfjaprY8nNk8YwchZXnTyjup9j4rR7qtKT9TcMrN37ypo19g9u"
              }
            ],
            "sticky_settings": [],
            "storage_account": [],
            "tags": null,
            "timeouts": null,
            "virtual_network_subnet_id": "",
            "webdeploy_publish_basic_authentication_enabled": true,
            "zip_deploy_file": ""
          },
          "sensitive_attributes": [
            [
              {
                "type": "get_attr",
                "value": "custom_domain_verification_id"
              }
            ],
            [
              {
                "type": "get_attr",
                "value": "site_credential"
              }
            ],
            [
              {
                "type": "get_attr",
                "value": "site_config"
              },
              {
                "type": "index",
                "value": {
                  "value": 0,
                  "type": "number"
                }
              },
              {
                "type": "get_attr",
                "value": "application_stack"
              },
              {
                "type": "index",
                "value": {
                  "value": 0,
                  "type": "number"
                }
              },
              {
                "type": "get_attr",
                "value": "docker_registry_password"
              }
            ]
          ],
          "private": "eyJlMmJmYjczMC1lY2FhLTExZTYtOGY4OC0zNDM2M2JjN2M0YzAiOnsiY3JlYXRlIjoxODAwMDAwMDAwMDAwLCJkZWxldGUiOjE4MDAwMDAwMDAwMDAsInJlYWQiOjMwMDAwMDAwMDAwMCwidXBkYXRlIjoxODAwMDAwMDAwMDAwfSwic2NoZW1hX3ZlcnNpb24iOiIxIn0=",
          "dependencies": [
            "azurerm_resource_group.andre_bot_group",
            "azurerm_service_plan.andre_bot_sp"
          ]
        }
      ]
    },
    {
      "mode": "managed",
      "type": "azurerm_windows_web_app_slot",
      "name": "andre_bot_slot_qa",
      "provider": "provider[\"registry.terraform.io/hashicorp/azurerm\"]",
      "instances": [
        {
          "schema_version": 1,
          "attributes": {
            "app_service_id": "/subscriptions/250ae9c3-6c33-4030-b72a-ed22fce22920/resourceGroups/andre_bot_group/providers/Microsoft.Web/sites/andreduarte-bot-app",
            "app_settings": null,
            "auth_settings": [],
            "auth_settings_v2": [],
            "backup": [],
            "client_affinity_enabled": false,
            "client_certificate_enabled": false,
            "client_certificate_exclusion_paths": "",
            "client_certificate_mode": "Required",
            "connection_string": [],
            "custom_domain_verification_id": "A20FD1DD24553625936AB5B41DE2EF7587D48487C39A0BACDD28821A1F09571F",
            "default_hostname": "andreduarte-bot-app-andre-bot-slot-qa.azurewebsites.net",
            "enabled": true,
            "ftp_publish_basic_authentication_enabled": true,
            "hosting_environment_id": "",
            "https_only": false,
            "id": "/subscriptions/250ae9c3-6c33-4030-b72a-ed22fce22920/resourceGroups/andre_bot_group/providers/Microsoft.Web/sites/andreduarte-bot-app/slots/andre-bot-slot-qa",
            "identity": [],
            "key_vault_reference_identity_id": "SystemAssigned",
            "kind": "app",
            "logs": [],
            "name": "andre-bot-slot-qa",
            "outbound_ip_address_list": [
              "52.167.191.52",
              "52.177.83.21",
              "52.177.86.28",
              "52.177.161.166",
              "52.177.161.232",
              "52.177.164.228",
              "20.49.97.6"
            ],
            "outbound_ip_addresses": "52.167.191.52,52.177.83.21,52.177.86.28,52.177.161.166,52.177.161.232,52.177.164.228,20.49.97.6",
            "possible_outbound_ip_address_list": [
              "52.167.191.52",
              "52.177.83.21",
              "52.177.86.28",
              "52.177.161.166",
              "52.177.161.232",
              "52.177.164.228",
              "52.177.165.249",
              "52.177.166.227",
              "52.179.224.122",
              "52.179.225.14",
              "52.179.225.43",
              "52.179.226.5",
              "52.179.228.230",
              "52.179.229.207",
              "52.179.230.133",
              "52.179.231.101",
              "52.179.231.244",
              "52.184.232.34",
              "52.184.232.150",
              "52.184.233.37",
              "52.184.233.50",
              "52.184.234.61",
              "40.65.241.115",
              "52.138.104.0",
              "52.138.108.78",
              "52.184.234.81",
              "52.184.234.95",
              "40.65.211.82",
              "40.70.168.245",
              "40.70.170.61",
              "20.49.97.6"
            ],
            "possible_outbound_ip_addresses": "52.167.191.52,52.177.83.21,52.177.86.28,52.177.161.166,52.177.161.232,52.177.164.228,52.177.165.249,52.177.166.227,52.179.224.122,52.179.225.14,52.179.225.43,52.179.226.5,52.179.228.230,52.179.229.207,52.179.230.133,52.179.231.101,52.179.231.244,52.184.232.34,52.184.232.150,52.184.233.37,52.184.233.50,52.184.234.61,40.65.241.115,52.138.104.0,52.138.108.78,52.184.234.81,52.184.234.95,40.65.211.82,40.70.168.245,40.70.170.61,20.49.97.6",
            "public_network_access_enabled": true,
            "service_plan_id": "",
            "site_config": [
              {
                "always_on": true,
                "api_definition_url": "",
                "api_management_api_id": "",
                "app_command_line": "",
                "application_stack": [
                  {
                    "current_stack": "",
                    "docker_image_name": "",
                    "docker_registry_password": "",
                    "docker_registry_url": "",
                    "docker_registry_username": "",
                    "dotnet_core_version": "",
                    "dotnet_version": "v4.0",
                    "java_container": "",
                    "java_container_version": "",
                    "java_embedded_server_enabled": false,
                    "java_version": "",
                    "node_version": "",
                    "php_version": "5.6",
                    "python": false,
                    "tomcat_version": ""
                  }
                ],
                "auto_heal_setting": [],
                "auto_swap_slot_name": "",
                "container_registry_managed_identity_client_id": "",
                "container_registry_use_managed_identity": false,
                "cors": [],
                "default_documents": [
                  "Default.htm",
                  "Default.html",
                  "Default.asp",
                  "index.htm",
                  "index.html",
                  "iisstart.htm",
                  "default.aspx",
                  "index.php",
                  "hostingstart.html"
                ],
                "detailed_error_logging_enabled": false,
                "ftps_state": "Disabled",
                "handler_mapping": [],
                "health_check_eviction_time_in_min": 0,
                "health_check_path": "",
                "http2_enabled": false,
                "ip_restriction": [],
                "ip_restriction_default_action": "Allow",
                "load_balancing_mode": "LeastRequests",
                "local_mysql_enabled": false,
                "managed_pipeline_mode": "Integrated",
                "minimum_tls_version": "1.2",
                "remote_debugging_enabled": false,
                "remote_debugging_version": "VS2022",
                "scm_ip_restriction": [],
                "scm_ip_restriction_default_action": "Allow",
                "scm_minimum_tls_version": "1.2",
                "scm_type": "None",
                "scm_use_main_ip_restriction": false,
                "use_32_bit_worker": false,
                "virtual_application": [],
                "vnet_route_all_enabled": false,
                "websockets_enabled": false,
                "windows_fx_version": "",
                "worker_count": 1
              }
            ],
            "site_credential": [
              {
                "name": "$andreduarte-bot-app__andre-bot-slot-qa",
                "password": "ixoNkdv0nqCQAmssBuhWDzmXNDPfe6tczzpEsvMyKjTuYivjhjK2Y606H8tG"
              }
            ],
            "storage_account": [],
            "tags": null,
            "timeouts": null,
            "virtual_network_subnet_id": "",
            "webdeploy_publish_basic_authentication_enabled": true,
            "zip_deploy_file": ""
          },
          "sensitive_attributes": [
            [
              {
                "type": "get_attr",
                "value": "site_credential"
              }
            ],
            [
              {
                "type": "get_attr",
                "value": "custom_domain_verification_id"
              }
            ],
            [
              {
                "type": "get_attr",
                "value": "site_config"
              },
              {
                "type": "index",
                "value": {
                  "value": 0,
                  "type": "number"
                }
              },
              {
                "type": "get_attr",
                "value": "application_stack"
              },
              {
                "type": "index",
                "value": {
                  "value": 0,
                  "type": "number"
                }
              },
              {
                "type": "get_attr",
                "value": "docker_registry_password"
              }
            ]
          ],
          "private": "eyJlMmJmYjczMC1lY2FhLTExZTYtOGY4OC0zNDM2M2JjN2M0YzAiOnsiY3JlYXRlIjoxODAwMDAwMDAwMDAwLCJkZWxldGUiOjE4MDAwMDAwMDAwMDAsInJlYWQiOjMwMDAwMDAwMDAwMCwidXBkYXRlIjoxODAwMDAwMDAwMDAwfSwic2NoZW1hX3ZlcnNpb24iOiIxIn0=",
          "dependencies": [
            "azurerm_resource_group.andre_bot_group",
            "azurerm_service_plan.andre_bot_sp",
            "azurerm_windows_web_app.andre_bot_app"
          ]
        }
      ]
    }
  ],
  "check_results": null
}
